
Microsoft Visual Studio Solution File, Format Version 12.00
# Visual Studio Version 17
VisualStudioVersion = 17.9.34714.143
MinimumVisualStudioVersion = 10.0.40219.1
Project("{FAE04EC0-301F-11D3-BF4B-00C04F79EFBC}") = "BarcodeApp", "BarcodeApp.csproj", "{03682BB6-C592-4AF0-9ABA-56D8A9266898}"
EndProject
Global
	GlobalSection(SolutionConfigurationPlatforms) = preSolution
		Debug|Any CPU = Debug|Any CPU
		Release|Any CPU = Release|Any CPU
	EndGlobalSection
	GlobalSection(ProjectConfigurationPlatforms) = postSolution
		{03682BB6-C592-4AF0-9ABA-56D8A9266898}.Debug|Any CPU.ActiveCfg = Debug|Any CPU
		{03682BB6-C592-4AF0-9ABA-56D8A9266898}.Debug|Any CPU.Build.0 = Debug|Any CPU
		{03682BB6-C592-4AF0-9ABA-56D8A9266898}.Release|Any CPU.ActiveCfg = Release|Any CPU
		{03682BB6-C592-4AF0-9ABA-56D8A9266898}.Release|Any CPU.Build.0 = Release|Any CPU
	EndGlobalSection
	GlobalSection(SolutionProperties) = preSolution
		HideSolutionNode = FALSE
	EndGlobalSection
	GlobalSection(ExtensibilityGlobals) = postSolution
		SolutionGuid = {759CE7EA-60F7-452E-ADF1-E594DDF1A68E}
	EndGlobalSection
EndGlobal
